// !$*UTF8*$!
{
	archiveVersion = 1;
	classes = {
	};
	objectVersion = 50;
	objects = {

/* Begin PBXBuildFile section */
		DD49679E25FE4F3300153C87 /* AppDelegate.swift in Sources */ = {isa = PBXBuildFile; fileRef = DD49679D25FE4F3300153C87 /* AppDelegate.swift */; };
		DD4967A825FE4F3300153C87 /* NextmediaMa_Coding_Challenge.xcdatamodeld in Sources */ = {isa = PBXBuildFile; fileRef = DD4967A625FE4F3300153C87 /* NextmediaMa_Coding_Challenge.xcdatamodeld */; };
		DD4967AA25FE4F3600153C87 /* Assets.xcassets in Resources */ = {isa = PBXBuildFile; fileRef = DD4967A925FE4F3600153C87 /* Assets.xcassets */; };
		DD4967AD25FE4F3600153C87 /* LaunchScreen.storyboard in Resources */ = {isa = PBXBuildFile; fileRef = DD4967AB25FE4F3600153C87 /* LaunchScreen.storyboard */; };
		DD4967B825FE4F3600153C87 /* NextmediaMa_Coding_ChallengeTests.swift in Sources */ = {isa = PBXBuildFile; fileRef = DD4967B725FE4F3600153C87 /* NextmediaMa_Coding_ChallengeTests.swift */; };
		DD4967C325FE4F3600153C87 /* NextmediaMa_Coding_ChallengeUITests.swift in Sources */ = {isa = PBXBuildFile; fileRef = DD4967C225FE4F3600153C87 /* NextmediaMa_Coding_ChallengeUITests.swift */; };
		F19ED7973B540C42748F76C6 /* Pods_NextmediaMaCodingChallenge.framework in Frameworks */ = {isa = PBXBuildFile; fileRef = 2C77398CDA976F7C9CE13D3A /* Pods_NextmediaMaCodingChallenge.framework */; };
/* End PBXBuildFile section */

/* Begin PBXContainerItemProxy section */
		DD4967B425FE4F3600153C87 /* PBXContainerItemProxy */ = {
			isa = PBXContainerItemProxy;
			containerPortal = DD49679225FE4F3300153C87 /* Project object */;
			proxyType = 1;
			remoteGlobalIDString = DD49679925FE4F3300153C87;
			remoteInfo = "NextmediaMa Coding Challenge";
		};
		DD4967BF25FE4F3600153C87 /* PBXContainerItemProxy */ = {
			isa = PBXContainerItemProxy;
			containerPortal = DD49679225FE4F3300153C87 /* Project object */;
			proxyType = 1;
			remoteGlobalIDString = DD49679925FE4F3300153C87;
			remoteInfo = "NextmediaMa Coding Challenge";
		};
/* End PBXContainerItemProxy section */

/* Begin PBXFileReference section */
		2C77398CDA976F7C9CE13D3A /* Pods_NextmediaMaCodingChallenge.framework */ = {isa = PBXFileReference; explicitFileType = wrapper.framework; includeInIndex = 0; path = Pods_NextmediaMaCodingChallenge.framework; sourceTree = BUILT_PRODUCTS_DIR; };
		DD49679A25FE4F3300153C87 /* NextmediaMaCodingChallenge.app */ = {isa = PBXFileReference; explicitFileType = wrapper.application; includeInIndex = 0; path = NextmediaMaCodingChallenge.app; sourceTree = BUILT_PRODUCTS_DIR; };
		DD49679D25FE4F3300153C87 /* AppDelegate.swift */ = {isa = PBXFileReference; lastKnownFileType = sourcecode.swift; path = AppDelegate.swift; sourceTree = "<group>"; };
		DD4967A725FE4F3300153C87 /* NextmediaMa_Coding_Challenge.xcdatamodel */ = {isa = PBXFileReference; lastKnownFileType = wrapper.xcdatamodel; path = NextmediaMa_Coding_Challenge.xcdatamodel; sourceTree = "<group>"; };
		DD4967A925FE4F3600153C87 /* Assets.xcassets */ = {isa = PBXFileReference; lastKnownFileType = folder.assetcatalog; path = Assets.xcassets; sourceTree = "<group>"; };
		DD4967AC25FE4F3600153C87 /* Base */ = {isa = PBXFileReference; lastKnownFileType = file.storyboard; name = Base; path = Base.lproj/LaunchScreen.storyboard; sourceTree = "<group>"; };
		DD4967AE25FE4F3600153C87 /* Info.plist */ = {isa = PBXFileReference; lastKnownFileType = text.plist.xml; path = Info.plist; sourceTree = "<group>"; };
		DD4967B325FE4F3600153C87 /* NextmediaMaCodingChallengeTests.xctest */ = {isa = PBXFileReference; explicitFileType = wrapper.cfbundle; includeInIndex = 0; path = NextmediaMaCodingChallengeTests.xctest; sourceTree = BUILT_PRODUCTS_DIR; };
		DD4967B725FE4F3600153C87 /* NextmediaMa_Coding_ChallengeTests.swift */ = {isa = PBXFileReference; lastKnownFileType = sourcecode.swift; path = NextmediaMa_Coding_ChallengeTests.swift; sourceTree = "<group>"; };
		DD4967B925FE4F3600153C87 /* Info.plist */ = {isa = PBXFileReference; lastKnownFileType = text.plist.xml; path = Info.plist; sourceTree = "<group>"; };
		DD4967BE25FE4F3600153C87 /* NextmediaMaCodingChallengeUITests.xctest */ = {isa = PBXFileReference; explicitFileType = wrapper.cfbundle; includeInIndex = 0; path = NextmediaMaCodingChallengeUITests.xctest; sourceTree = BUILT_PRODUCTS_DIR; };
		DD4967C225FE4F3600153C87 /* NextmediaMa_Coding_ChallengeUITests.swift */ = {isa = PBXFileReference; lastKnownFileType = sourcecode.swift; path = NextmediaMa_Coding_ChallengeUITests.swift; sourceTree = "<group>"; };
		DD4967C425FE4F3600153C87 /* Info.plist */ = {isa = PBXFileReference; lastKnownFileType = text.plist.xml; path = Info.plist; sourceTree = "<group>"; };
		DE6EAE7E1C864AA31B44C9CB /* Pods-NextmediaMaCodingChallenge.debug.xcconfig */ = {isa = PBXFileReference; includeInIndex = 1; lastKnownFileType = text.xcconfig; name = "Pods-NextmediaMaCodingChallenge.debug.xcconfig"; path = "Target Support Files/Pods-NextmediaMaCodingChallenge/Pods-NextmediaMaCodingChallenge.debug.xcconfig"; sourceTree = "<group>"; };
		F42EBFFE0CBDA3881D54D81A /* Pods-NextmediaMaCodingChallenge.release.xcconfig */ = {isa = PBXFileReference; includeInIndex = 1; lastKnownFileType = text.xcconfig; name = "Pods-NextmediaMaCodingChallenge.release.xcconfig"; path = "Target Support Files/Pods-NextmediaMaCodingChallenge/Pods-NextmediaMaCodingChallenge.release.xcconfig"; sourceTree = "<group>"; };
/* End PBXFileReference section */

/* Begin PBXFrameworksBuildPhase section */
		DD49679725FE4F3300153C87 /* Frameworks */ = {
			isa = PBXFrameworksBuildPhase;
			buildActionMask = 2147483647;
			files = (
				F19ED7973B540C42748F76C6 /* Pods_NextmediaMaCodingChallenge.framework in Frameworks */,
			);
			runOnlyForDeploymentPostprocessing = 0;
		};
		DD4967B025FE4F3600153C87 /* Frameworks */ = {
			isa = PBXFrameworksBuildPhase;
			buildActionMask = 2147483647;
			files = (
			);
			runOnlyForDeploymentPostprocessing = 0;
		};
		DD4967BB25FE4F3600153C87 /* Frameworks */ = {
			isa = PBXFrameworksBuildPhase;
			buildActionMask = 2147483647;
			files = (
			);
			runOnlyForDeploymentPostprocessing = 0;
		};
/* End PBXFrameworksBuildPhase section */

/* Begin PBXGroup section */
		17D11447FA53A7DA7589985B /* Pods */ = {
			isa = PBXGroup;
			children = (
				DE6EAE7E1C864AA31B44C9CB /* Pods-NextmediaMaCodingChallenge.debug.xcconfig */,
				F42EBFFE0CBDA3881D54D81A /* Pods-NextmediaMaCodingChallenge.release.xcconfig */,
			);
			name = Pods;
			path = Pods;
			sourceTree = "<group>";
		};
		671A7C8376436F8D47C159A4 /* Frameworks */ = {
			isa = PBXGroup;
			children = (
				2C77398CDA976F7C9CE13D3A /* Pods_NextmediaMaCodingChallenge.framework */,
			);
			name = Frameworks;
			sourceTree = "<group>";
		};
		DD49679125FE4F3300153C87 = {
			isa = PBXGroup;
			children = (
				DD49679C25FE4F3300153C87 /* NextmediaMa Coding Challenge */,
				DD4967B625FE4F3600153C87 /* NextmediaMa Coding ChallengeTests */,
				DD4967C125FE4F3600153C87 /* NextmediaMa Coding ChallengeUITests */,
				DD49679B25FE4F3300153C87 /* Products */,
				17D11447FA53A7DA7589985B /* Pods */,
				671A7C8376436F8D47C159A4 /* Frameworks */,
			);
			sourceTree = "<group>";
		};
		DD49679B25FE4F3300153C87 /* Products */ = {
			isa = PBXGroup;
			children = (
				DD49679A25FE4F3300153C87 /* NextmediaMaCodingChallenge.app */,
				DD4967B325FE4F3600153C87 /* NextmediaMaCodingChallengeTests.xctest */,
				DD4967BE25FE4F3600153C87 /* NextmediaMaCodingChallengeUITests.xctest */,
			);
			name = Products;
			sourceTree = "<group>";
		};
		DD49679C25FE4F3300153C87 /* NextmediaMa Coding Challenge */ = {
			isa = PBXGroup;
			children = (
				DD4967DB25FE4F6900153C87 /* DAO */,
				DD4967DA25FE4F5F00153C87 /* Resources */,
				DD4967D925FE4F5900153C87 /* App */,
				DD49679D25FE4F3300153C87 /* AppDelegate.swift */,
				DD4967AE25FE4F3600153C87 /* Info.plist */,
			);
			path = "NextmediaMa Coding Challenge";
			sourceTree = "<group>";
		};
		DD4967B625FE4F3600153C87 /* NextmediaMa Coding ChallengeTests */ = {
			isa = PBXGroup;
			children = (
				DD4967B725FE4F3600153C87 /* NextmediaMa_Coding_ChallengeTests.swift */,
				DD4967B925FE4F3600153C87 /* Info.plist */,
			);
			path = "NextmediaMa Coding ChallengeTests";
			sourceTree = "<group>";
		};
		DD4967C125FE4F3600153C87 /* NextmediaMa Coding ChallengeUITests */ = {
			isa = PBXGroup;
			children = (
				DD4967C225FE4F3600153C87 /* NextmediaMa_Coding_ChallengeUITests.swift */,
				DD4967C425FE4F3600153C87 /* Info.plist */,
			);
			path = "NextmediaMa Coding ChallengeUITests";
			sourceTree = "<group>";
		};
		DD4967D925FE4F5900153C87 /* App */ = {
			isa = PBXGroup;
			children = (
			);
			path = App;
			sourceTree = "<group>";
		};
		DD4967DA25FE4F5F00153C87 /* Resources */ = {
			isa = PBXGroup;
			children = (
				DD4967A925FE4F3600153C87 /* Assets.xcassets */,
				DD4967AB25FE4F3600153C87 /* LaunchScreen.storyboard */,
			);
			path = Resources;
			sourceTree = "<group>";
		};
		DD4967DB25FE4F6900153C87 /* DAO */ = {
			isa = PBXGroup;
			children = (
				DD4967A625FE4F3300153C87 /* NextmediaMa_Coding_Challenge.xcdatamodeld */,
			);
			path = DAO;
			sourceTree = "<group>";
		};
/* End PBXGroup section */

/* Begin PBXNativeTarget section */
		DD49679925FE4F3300153C87 /* NextmediaMaCodingChallenge */ = {
			isa = PBXNativeTarget;
			buildConfigurationList = DD4967C725FE4F3600153C87 /* Build configuration list for PBXNativeTarget "NextmediaMaCodingChallenge" */;
			buildPhases = (
				9D2529BA90E8339B1EE90E67 /* [CP] Check Pods Manifest.lock */,
				DD49679625FE4F3300153C87 /* Sources */,
				DD49679725FE4F3300153C87 /* Frameworks */,
				DD49679825FE4F3300153C87 /* Resources */,
				53DF299692C8FF5CD3FA6516 /* [CP] Embed Pods Frameworks */,
			);
			buildRules = (
			);
			dependencies = (
			);
			name = NextmediaMaCodingChallenge;
			productName = "NextmediaMa Coding Challenge";
			productReference = DD49679A25FE4F3300153C87 /* NextmediaMaCodingChallenge.app */;
			productType = "com.apple.product-type.application";
		};
		DD4967B225FE4F3600153C87 /* NextmediaMaCodingChallengeTests */ = {
			isa = PBXNativeTarget;
			buildConfigurationList = DD4967CA25FE4F3600153C87 /* Build configuration list for PBXNativeTarget "NextmediaMaCodingChallengeTests" */;
			buildPhases = (
				DD4967AF25FE4F3600153C87 /* Sources */,
				DD4967B025FE4F3600153C87 /* Frameworks */,
				DD4967B125FE4F3600153C87 /* Resources */,
			);
			buildRules = (
			);
			dependencies = (
				DD4967B525FE4F3600153C87 /* PBXTargetDependency */,
			);
			name = NextmediaMaCodingChallengeTests;
			productName = "NextmediaMa Coding ChallengeTests";
			productReference = DD4967B325FE4F3600153C87 /* NextmediaMaCodingChallengeTests.xctest */;
			productType = "com.apple.product-type.bundle.unit-test";
		};
		DD4967BD25FE4F3600153C87 /* NextmediaMaCodingChallengeUITests */ = {
			isa = PBXNativeTarget;
			buildConfigurationList = DD4967CD25FE4F3600153C87 /* Build configuration list for PBXNativeTarget "NextmediaMaCodingChallengeUITests" */;
			buildPhases = (
				DD4967BA25FE4F3600153C87 /* Sources */,
				DD4967BB25FE4F3600153C87 /* Frameworks */,
				DD4967BC25FE4F3600153C87 /* Resources */,
			);
			buildRules = (
			);
			dependencies = (
				DD4967C025FE4F3600153C87 /* PBXTargetDependency */,
			);
			name = NextmediaMaCodingChallengeUITests;
			productName = "NextmediaMa Coding ChallengeUITests";
			productReference = DD4967BE25FE4F3600153C87 /* NextmediaMaCodingChallengeUITests.xctest */;
			productType = "com.apple.product-type.bundle.ui-testing";
		};
/* End PBXNativeTarget section */

/* Begin PBXProject section */
		DD49679225FE4F3300153C87 /* Project object */ = {
			isa = PBXProject;
			attributes = {
				LastSwiftUpdateCheck = 1200;
				LastUpgradeCheck = 1200;
				TargetAttributes = {
					DD49679925FE4F3300153C87 = {
						CreatedOnToolsVersion = 12.0;
					};
					DD4967B225FE4F3600153C87 = {
						CreatedOnToolsVersion = 12.0;
						TestTargetID = DD49679925FE4F3300153C87;
					};
					DD4967BD25FE4F3600153C87 = {
						CreatedOnToolsVersion = 12.0;
						TestTargetID = DD49679925FE4F3300153C87;
					};
				};
			};
			buildConfigurationList = DD49679525FE4F3300153C87 /* Build configuration list for PBXProject "NextmediaMaCodingChallenge" */;
			compatibilityVersion = "Xcode 9.3";
			developmentRegion = en;
			hasScannedForEncodings = 0;
			knownRegions = (
				en,
				Base,
			);
			mainGroup = DD49679125FE4F3300153C87;
			productRefGroup = DD49679B25FE4F3300153C87 /* Products */;
			projectDirPath = "";
			projectRoot = "";
			targets = (
				DD49679925FE4F3300153C87 /* NextmediaMaCodingChallenge */,
				DD4967B225FE4F3600153C87 /* NextmediaMaCodingChallengeTests */,
				DD4967BD25FE4F3600153C87 /* NextmediaMaCodingChallengeUITests */,
			);
		};
/* End PBXProject section */

/* Begin PBXResourcesBuildPhase section */
		DD49679825FE4F3300153C87 /* Resources */ = {
			isa = PBXResourcesBuildPhase;
			buildActionMask = 2147483647;
			files = (
				DD4967AD25FE4F3600153C87 /* LaunchScreen.storyboard in Resources */,
				DD4967AA25FE4F3600153C87 /* Assets.xcassets in Resources */,
			);
			runOnlyForDeploymentPostprocessing = 0;
		};
		DD4967B125FE4F3600153C87 /* Resources */ = {
			isa = PBXResourcesBuildPhase;
			buildActionMask = 2147483647;
			files = (
			);
			runOnlyForDeploymentPostprocessing = 0;
		};
		DD4967BC25FE4F3600153C87 /* Resources */ = {
			isa = PBXResourcesBuildPhase;
			buildActionMask = 2147483647;
			files = (
			);
			runOnlyForDeploymentPostprocessing = 0;
		};
/* End PBXResourcesBuildPhase section */

/* Begin PBXShellScriptBuildPhase section */
		53DF299692C8FF5CD3FA6516 /* [CP] Embed Pods Frameworks */ = {
			isa = PBXShellScriptBuildPhase;
			buildActionMask = 2147483647;
			files = (
			);
			inputFileListPaths = (
				"${PODS_ROOT}/Target Support Files/Pods-NextmediaMaCodingChallenge/Pods-NextmediaMaCodingChallenge-frameworks-${CONFIGURATION}-input-files.xcfilelist",
			);
			name = "[CP] Embed Pods Frameworks";
			outputFileListPaths = (
				"${PODS_ROOT}/Target Support Files/Pods-NextmediaMaCodingChallenge/Pods-NextmediaMaCodingChallenge-frameworks-${CONFIGURATION}-output-files.xcfilelist",
			);
			runOnlyForDeploymentPostprocessing = 0;
			shellPath = /bin/sh;
			shellScript = "\"${PODS_ROOT}/Target Support Files/Pods-NextmediaMaCodingChallenge/Pods-NextmediaMaCodingChallenge-frameworks.sh\"\n";
			showEnvVarsInLog = 0;
		};
		9D2529BA90E8339B1EE90E67 /* [CP] Check Pods Manifest.lock */ = {
			isa = PBXShellScriptBuildPhase;
			buildActionMask = 2147483647;
			files = (
			);
			inputFileListPaths = (
			);
			inputPaths = (
				"${PODS_PODFILE_DIR_PATH}/Podfile.lock",
				"${PODS_ROOT}/Manifest.lock",
			);
			name = "[CP] Check Pods Manifest.lock";
			outputFileListPaths = (
			);
			outputPaths = (
				"$(DERIVED_FILE_DIR)/Pods-NextmediaMaCodingChallenge-checkManifestLockResult.txt",
			);
			runOnlyForDeploymentPostprocessing = 0;
			shellPath = /bin/sh;
			shellScript = "diff \"${PODS_PODFILE_DIR_PATH}/Podfile.lock\" \"${PODS_ROOT}/Manifest.lock\" > /dev/null\nif [ $? != 0 ] ; then\n    # print error to STDERR\n    echo \"error: The sandbox is not in sync with the Podfile.lock. Run 'pod install' or update your CocoaPods installation.\" >&2\n    exit 1\nfi\n# This output is used by Xcode 'outputs' to avoid re-running this script phase.\necho \"SUCCESS\" > \"${SCRIPT_OUTPUT_FILE_0}\"\n";
			showEnvVarsInLog = 0;
		};
/* End PBXShellScriptBuildPhase section */

/* Begin PBXSourcesBuildPhase section */
		DD49679625FE4F3300153C87 /* Sources */ = {
			isa = PBXSourcesBuildPhase;
			buildActionMask = 2147483647;
			files = (
				DD49679E25FE4F3300153C87 /* AppDelegate.swift in Sources */,
				DD4967A825FE4F3300153C87 /* NextmediaMa_Coding_Challenge.xcdatamodeld in Sources */,
			);
			runOnlyForDeploymentPostprocessing = 0;
		};
		DD4967AF25FE4F3600153C87 /* Sources */ = {
			isa = PBXSourcesBuildPhase;
			buildActionMask = 2147483647;
			files = (
				DD4967B825FE4F3600153C87 /* NextmediaMa_Coding_ChallengeTests.swift in Sources */,
			);
			runOnlyForDeploymentPostprocessing = 0;
		};
		DD4967BA25FE4F3600153C87 /* Sources */ = {
			isa = PBXSourcesBuildPhase;
			buildActionMask = 2147483647;
			files = (
				DD4967C325FE4F3600153C87 /* NextmediaMa_Coding_ChallengeUITests.swift in Sources */,
			);
			runOnlyForDeploymentPostprocessing = 0;
		};
/* End PBXSourcesBuildPhase section */

/* Begin PBXTargetDependency section */
		DD4967B525FE4F3600153C87 /* PBXTargetDependency */ = {
			isa = PBXTargetDependency;
			target = DD49679925FE4F3300153C87 /* NextmediaMaCodingChallenge */;
			targetProxy = DD4967B425FE4F3600153C87 /* PBXContainerItemProxy */;
		};
		DD4967C025FE4F3600153C87 /* PBXTargetDependency */ = {
			isa = PBXTargetDependency;
			target = DD49679925FE4F3300153C87 /* NextmediaMaCodingChallenge */;
			targetProxy = DD4967BF25FE4F3600153C87 /* PBXContainerItemProxy */;
		};
/* End PBXTargetDependency section */

/* Begin PBXVariantGroup section */
		DD4967AB25FE4F3600153C87 /* LaunchScreen.storyboard */ = {
			isa = PBXVariantGroup;
			children = (
				DD4967AC25FE4F3600153C87 /* Base */,
			);
			name = LaunchScreen.storyboard;
			sourceTree = "<group>";
		};
/* End PBXVariantGroup section */

/* Begin XCBuildConfiguration section */
		DD4967C525FE4F3600153C87 /* Debug */ = {
			isa = XCBuildConfiguration;
			buildSettings = {
				ALWAYS_SEARCH_USER_PATHS = NO;
				CLANG_ANALYZER_NONNULL = YES;
				CLANG_ANALYZER_NUMBER_OBJECT_CONVERSION = YES_AGGRESSIVE;
				CLANG_CXX_LANGUAGE_STANDARD = "gnu++14";
				CLANG_CXX_LIBRARY = "libc++";
				CLANG_ENABLE_MODULES = YES;
				CLANG_ENABLE_OBJC_ARC = YES;
				CLANG_ENABLE_OBJC_WEAK = YES;
				CLANG_WARN_BLOCK_CAPTURE_AUTORELEASING = YES;
				CLANG_WARN_BOOL_CONVERSION = YES;
				CLANG_WARN_COMMA = YES;
				CLANG_WARN_CONSTANT_CONVERSION = YES;
				CLANG_WARN_DEPRECATED_OBJC_IMPLEMENTATIONS = YES;
				CLANG_WARN_DIRECT_OBJC_ISA_USAGE = YES_ERROR;
				CLANG_WARN_DOCUMENTATION_COMMENTS = YES;
				CLANG_WARN_EMPTY_BODY = YES;
				CLANG_WARN_ENUM_CONVERSION = YES;
				CLANG_WARN_INFINITE_RECURSION = YES;
				CLANG_WARN_INT_CONVERSION = YES;
				CLANG_WARN_NON_LITERAL_NULL_CONVERSION = YES;
				CLANG_WARN_OBJC_IMPLICIT_RETAIN_SELF = YES;
				CLANG_WARN_OBJC_LITERAL_CONVERSION = YES;
				CLANG_WARN_OBJC_ROOT_CLASS = YES_ERROR;
				CLANG_WARN_QUOTED_INCLUDE_IN_FRAMEWORK_HEADER = YES;
				CLANG_WARN_RANGE_LOOP_ANALYSIS = YES;
				CLANG_WARN_STRICT_PROTOTYPES = YES;
				CLANG_WARN_SUSPICIOUS_MOVE = YES;
				CLANG_WARN_UNGUARDED_AVAILABILITY = YES_AGGRESSIVE;
				CLANG_WARN_UNREACHABLE_CODE = YES;
				CLANG_WARN__DUPLICATE_METHOD_MATCH = YES;
				COPY_PHASE_STRIP = NO;
				DEBUG_INFORMATION_FORMAT = dwarf;
				ENABLE_STRICT_OBJC_MSGSEND = YES;
				ENABLE_TESTABILITY = YES;
				GCC_C_LANGUAGE_STANDARD = gnu11;
				GCC_DYNAMIC_NO_PIC = NO;
				GCC_NO_COMMON_BLOCKS = YES;
				GCC_OPTIMIZATION_LEVEL = 0;
				GCC_PREPROCESSOR_DEFINITIONS = (
					"DEBUG=1",
					"$(inherited)",
				);
				GCC_WARN_64_TO_32_BIT_CONVERSION = YES;
				GCC_WARN_ABOUT_RETURN_TYPE = YES_ERROR;
				GCC_WARN_UNDECLARED_SELECTOR = YES;
				GCC_WARN_UNINITIALIZED_AUTOS = YES_AGGRESSIVE;
				GCC_WARN_UNUSED_FUNCTION = YES;
				GCC_WARN_UNUSED_VARIABLE = YES;
				IPHONEOS_DEPLOYMENT_TARGET = 14.0;
				MTL_ENABLE_DEBUG_INFO = INCLUDE_SOURCE;
				MTL_FAST_MATH = YES;
				ONLY_ACTIVE_ARCH = YES;
				SDKROOT = iphoneos;
				SWIFT_ACTIVE_COMPILATION_CONDITIONS = DEBUG;
				SWIFT_OPTIMIZATION_LEVEL = "-Onone";
			};
			name = Debug;
		};
		DD4967C625FE4F3600153C87 /* Release */ = {
			isa = XCBuildConfiguration;
			buildSettings = {
				ALWAYS_SEARCH_USER_PATHS = NO;
				CLANG_ANALYZER_NONNULL = YES;
				CLANG_ANALYZER_NUMBER_OBJECT_CONVERSION = YES_AGGRESSIVE;
				CLANG_CXX_LANGUAGE_STANDARD = "gnu++14";
				CLANG_CXX_LIBRARY = "libc++";
				CLANG_ENABLE_MODULES = YES;
				CLANG_ENABLE_OBJC_ARC = YES;
				CLANG_ENABLE_OBJC_WEAK = YES;
				CLANG_WARN_BLOCK_CAPTURE_AUTORELEASING = YES;
				CLANG_WARN_BOOL_CONVERSION = YES;
				CLANG_WARN_COMMA = YES;
				CLANG_WARN_CONSTANT_CONVERSION = YES;
				CLANG_WARN_DEPRECATED_OBJC_IMPLEMENTATIONS = YES;
				CLANG_WARN_DIRECT_OBJC_ISA_USAGE = YES_ERROR;
				CLANG_WARN_DOCUMENTATION_COMMENTS = YES;
				CLANG_WARN_EMPTY_BODY = YES;
				CLANG_WARN_ENUM_CONVERSION = YES;
				CLANG_WARN_INFINITE_RECURSION = YES;
				CLANG_WARN_INT_CONVERSION = YES;
				CLANG_WARN_NON_LITERAL_NULL_CONVERSION = YES;
				CLANG_WARN_OBJC_IMPLICIT_RETAIN_SELF = YES;
				CLANG_WARN_OBJC_LITERAL_CONVERSION = YES;
				CLANG_WARN_OBJC_ROOT_CLASS = YES_ERROR;
				CLANG_WARN_QUOTED_INCLUDE_IN_FRAMEWORK_HEADER = YES;
				CLANG_WARN_RANGE_LOOP_ANALYSIS = YES;
				CLANG_WARN_STRICT_PROTOTYPES = YES;
				CLANG_WARN_SUSPICIOUS_MOVE = YES;
				CLANG_WARN_UNGUARDED_AVAILABILITY = YES_AGGRESSIVE;
				CLANG_WARN_UNREACHABLE_CODE = YES;
				CLANG_WARN__DUPLICATE_METHOD_MATCH = YES;
				COPY_PHASE_STRIP = NO;
				DEBUG_INFORMATION_FORMAT = "dwarf-with-dsym";
				ENABLE_NS_ASSERTIONS = NO;
				ENABLE_STRICT_OBJC_MSGSEND = YES;
				GCC_C_LANGUAGE_STANDARD = gnu11;
				GCC_NO_COMMON_BLOCKS = YES;
				GCC_WARN_64_TO_32_BIT_CONVERSION = YES;
				GCC_WARN_ABOUT_RETURN_TYPE = YES_ERROR;
				GCC_WARN_UNDECLARED_SELECTOR = YES;
				GCC_WARN_UNINITIALIZED_AUTOS = YES_AGGRESSIVE;
				GCC_WARN_UNUSED_FUNCTION = YES;
				GCC_WARN_UNUSED_VARIABLE = YES;
				IPHONEOS_DEPLOYMENT_TARGET = 14.0;
				MTL_ENABLE_DEBUG_INFO = NO;
				MTL_FAST_MATH = YES;
				SDKROOT = iphoneos;
				SWIFT_COMPILATION_MODE = wholemodule;
				SWIFT_OPTIMIZATION_LEVEL = "-O";
				VALIDATE_PRODUCT = YES;
			};
			name = Release;
		};
		DD4967C825FE4F3600153C87 /* Debug */ = {
			isa = XCBuildConfiguration;
			baseConfigurationReference = DE6EAE7E1C864AA31B44C9CB /* Pods-NextmediaMaCodingChallenge.debug.xcconfig */;
			buildSettings = {
				ASSETCATALOG_COMPILER_APPICON_NAME = AppIcon;
				ASSETCATALOG_COMPILER_GLOBAL_ACCENT_COLOR_NAME = AccentColor;
				CODE_SIGN_STYLE = Automatic;
				DEVELOPMENT_TEAM = QUAG7T3NQ7;
				INFOPLIST_FILE = "NextmediaMa Coding Challenge/Info.plist";
				LD_RUNPATH_SEARCH_PATHS = (
					"$(inherited)",
					"@executable_path/Frameworks",
				);
				PRODUCT_BUNDLE_IDENTIFIER = "com.siempay.nextMediaMa.NextmediaMa-Coding-Challenge";
				PRODUCT_NAME = "$(TARGET_NAME)";
				SWIFT_VERSION = 5.0;
				TARGETED_DEVICE_FAMILY = "1,2";
			};
			name = Debug;
		};
		DD4967C925FE4F3600153C87 /* Release */ = {
			isa = XCBuildConfiguration;
			baseConfigurationReference = F42EBFFE0CBDA3881D54D81A /* Pods-NextmediaMaCodingChallenge.release.xcconfig */;
			buildSettings = {
				ASSETCATALOG_COMPILER_APPICON_NAME = AppIcon;
				ASSETCATALOG_COMPILER_GLOBAL_ACCENT_COLOR_NAME = AccentColor;
				CODE_SIGN_STYLE = Automatic;
				DEVELOPMENT_TEAM = QUAG7T3NQ7;
				INFOPLIST_FILE = "NextmediaMa Coding Challenge/Info.plist";
				LD_RUNPATH_SEARCH_PATHS = (
					"$(inherited)",
					"@executable_path/Frameworks",
				);
				PRODUCT_BUNDLE_IDENTIFIER = "com.siempay.nextMediaMa.NextmediaMa-Coding-Challenge";
				PRODUCT_NAME = "$(TARGET_NAME)";
				SWIFT_VERSION = 5.0;
				TARGETED_DEVICE_FAMILY = "1,2";
			};
			name = Release;
		};
		DD4967CB25FE4F3600153C87 /* Debug */ = {
			isa = XCBuildConfiguration;
			buildSettings = {
				ALWAYS_EMBED_SWIFT_STANDARD_LIBRARIES = YES;
				BUNDLE_LOADER = "$(TEST_HOST)";
				CODE_SIGN_STYLE = Automatic;
				DEVELOPMENT_TEAM = QUAG7T3NQ7;
				INFOPLIST_FILE = "NextmediaMa Coding ChallengeTests/Info.plist";
				IPHONEOS_DEPLOYMENT_TARGET = 14.0;
				LD_RUNPATH_SEARCH_PATHS = (
					"$(inherited)",
					"@executable_path/Frameworks",
					"@loader_path/Frameworks",
				);
				PRODUCT_BUNDLE_IDENTIFIER = "com.siempay.nextMediaMa.NextmediaMa-Coding-ChallengeTests";
				PRODUCT_NAME = "$(TARGET_NAME)";
				SWIFT_VERSION = 5.0;
				TARGETED_DEVICE_FAMILY = "1,2";
				TEST_HOST = "$(BUILT_PRODUCTS_DIR)/NextmediaMaCodingChallenge.app/NextmediaMaCodingChallenge";
			};
			name = Debug;
		};
		DD4967CC25FE4F3600153C87 /* Release */ = {
			isa = XCBuildConfiguration;
			buildSettings = {
				ALWAYS_EMBED_SWIFT_STANDARD_LIBRARIES = YES;
				BUNDLE_LOADER = "$(TEST_HOST)";
				CODE_SIGN_STYLE = Automatic;
				DEVELOPMENT_TEAM = QUAG7T3NQ7;
				INFOPLIST_FILE = "NextmediaMa Coding ChallengeTests/Info.plist";
				IPHONEOS_DEPLOYMENT_TARGET = 14.0;
				LD_RUNPATH_SEARCH_PATHS = (
					"$(inherited)",
					"@executable_path/Frameworks",
					"@loader_path/Frameworks",
				);
				PRODUCT_BUNDLE_IDENTIFIER = "com.siempay.nextMediaMa.NextmediaMa-Coding-ChallengeTests";
				PRODUCT_NAME = "$(TARGET_NAME)";
				SWIFT_VERSION = 5.0;
				TARGETED_DEVICE_FAMILY = "1,2";
				TEST_HOST = "$(BUILT_PRODUCTS_DIR)/NextmediaMaCodingChallenge.app/NextmediaMaCodingChallenge";
			};
			name = Release;
		};
		DD4967CE25FE4F3600153C87 /* Debug */ = {
			isa = XCBuildConfiguration;
			buildSettings = {
				ALWAYS_EMBED_SWIFT_STANDARD_LIBRARIES = YES;
				CODE_SIGN_STYLE = Automatic;
				DEVELOPMENT_TEAM = QUAG7T3NQ7;
				INFOPLIST_FILE = "NextmediaMa Coding ChallengeUITests/Info.plist";
				LD_RUNPATH_SEARCH_PATHS = (
					"$(inherited)",
					"@executable_path/Frameworks",
					"@loader_path/Frameworks",
				);
				PRODUCT_BUNDLE_IDENTIFIER = "com.siempay.nextMediaMa.NextmediaMa-Coding-ChallengeUITests";
				PRODUCT_NAME = "$(TARGET_NAME)";
				SWIFT_VERSION = 5.0;
				TARGETED_DEVICE_FAMILY = "1,2";
				TEST_TARGET_NAME = "NextmediaMa Coding Challenge";
			};
			name = Debug;
		};
		DD4967CF25FE4F3600153C87 /* Release */ = {
			isa = XCBuildConfiguration;
			buildSettings = {
				ALWAYS_EMBED_SWIFT_STANDARD_LIBRARIES = YES;
				CODE_SIGN_STYLE = Automatic;
				DEVELOPMENT_TEAM = QUAG7T3NQ7;
				INFOPLIST_FILE = "NextmediaMa Coding ChallengeUITests/Info.plist";
				LD_RUNPATH_SEARCH_PATHS = (
					"$(inherited)",
					"@executable_path/Frameworks",
					"@loader_path/Frameworks",
				);
				PRODUCT_BUNDLE_IDENTIFIER = "com.siempay.nextMediaMa.NextmediaMa-Coding-ChallengeUITests";
				PRODUCT_NAME = "$(TARGET_NAME)";
				SWIFT_VERSION = 5.0;
				TARGETED_DEVICE_FAMILY = "1,2";
				TEST_TARGET_NAME = "NextmediaMa Coding Challenge";
			};
			name = Release;
		};
/* End XCBuildConfiguration section */

/* Begin XCConfigurationList section */
		DD49679525FE4F3300153C87 /* Build configuration list for PBXProject "NextmediaMaCodingChallenge" */ = {
			isa = XCConfigurationList;
			buildConfigurations = (
				DD4967C525FE4F3600153C87 /* Debug */,
				DD4967C625FE4F3600153C87 /* Release */,
			);
			defaultConfigurationIsVisible = 0;
			defaultConfigurationName = Release;
		};
		DD4967C725FE4F3600153C87 /* Build configuration list for PBXNativeTarget "NextmediaMaCodingChallenge" */ = {
			isa = XCConfigurationList;
			buildConfigurations = (
				DD4967C825FE4F3600153C87 /* Debug */,
				DD4967C925FE4F3600153C87 /* Release */,
			);
			defaultConfigurationIsVisible = 0;
			defaultConfigurationName = Release;
		};
		DD4967CA25FE4F3600153C87 /* Build configuration list for PBXNativeTarget "NextmediaMaCodingChallengeTests" */ = {
			isa = XCConfigurationList;
			buildConfigurations = (
				DD4967CB25FE4F3600153C87 /* Debug */,
				DD4967CC25FE4F3600153C87 /* Release */,
			);
			defaultConfigurationIsVisible = 0;
			defaultConfigurationName = Release;
		};
		DD4967CD25FE4F3600153C87 /* Build configuration list for PBXNativeTarget "NextmediaMaCodingChallengeUITests" */ = {
			isa = XCConfigurationList;
			buildConfigurations = (
				DD4967CE25FE4F3600153C87 /* Debug */,
				DD4967CF25FE4F3600153C87 /* Release */,
			);
			defaultConfigurationIsVisible = 0;
			defaultConfigurationName = Release;
		};
/* End XCConfigurationList section */

/* Begin XCVersionGroup section */
		DD4967A625FE4F3300153C87 /* NextmediaMa_Coding_Challenge.xcdatamodeld */ = {
			isa = XCVersionGroup;
			children = (
				DD4967A725FE4F3300153C87 /* NextmediaMa_Coding_Challenge.xcdatamodel */,
			);
			currentVersion = DD4967A725FE4F3300153C87 /* NextmediaMa_Coding_Challenge.xcdatamodel */;
			path = NextmediaMa_Coding_Challenge.xcdatamodeld;
			sourceTree = "<group>";
			versionGroupType = wrapper.xcdatamodel;
		};
/* End XCVersionGroup section */
	};
	rootObject = DD49679225FE4F3300153C87 /* Project object */;
}
